
Microsoft Visual Studio Solution File, Format Version 12.00
# Visual Studio Version 16
VisualStudioVersion = 16.0.30204.135
MinimumVisualStudioVersion = 10.0.40219.1
Project("{FAE04EC0-301F-11D3-BF4B-00C04F79EFBC}") = "PerfectNumber", "PerfectNumber\PerfectNumber.csproj", "{EEE8E895-40B0-45A0-8B8C-16A748695D72}"
EndProject
Project("{FAE04EC0-301F-11D3-BF4B-00C04F79EFBC}") = "PerfectNumberTests", "PerfectNumberTests\PerfectNumberTests.csproj", "{FD2B1B14-73BF-4B9D-B497-3CCEB5351090}"
EndProject
Global
	GlobalSection(SolutionConfigurationPlatforms) = preSolution
		Debug|Any CPU = Debug|Any CPU
		Release|Any CPU = Release|Any CPU
	EndGlobalSection
	GlobalSection(ProjectConfigurationPlatforms) = postSolution
		{EEE8E895-40B0-45A0-8B8C-16A748695D72}.Debug|Any CPU.ActiveCfg = Debug|Any CPU
		{EEE8E895-40B0-45A0-8B8C-16A748695D72}.Debug|Any CPU.Build.0 = Debug|Any CPU
		{EEE8E895-40B0-45A0-8B8C-16A748695D72}.Release|Any CPU.ActiveCfg = Release|Any CPU
		{EEE8E895-40B0-45A0-8B8C-16A748695D72}.Release|Any CPU.Build.0 = Release|Any CPU
		{FD2B1B14-73BF-4B9D-B497-3CCEB5351090}.Debug|Any CPU.ActiveCfg = Debug|Any CPU
		{FD2B1B14-73BF-4B9D-B497-3CCEB5351090}.Debug|Any CPU.Build.0 = Debug|Any CPU
		{FD2B1B14-73BF-4B9D-B497-3CCEB5351090}.Release|Any CPU.ActiveCfg = Release|Any CPU
		{FD2B1B14-73BF-4B9D-B497-3CCEB5351090}.Release|Any CPU.Build.0 = Release|Any CPU
	EndGlobalSection
	GlobalSection(SolutionProperties) = preSolution
		HideSolutionNode = FALSE
	EndGlobalSection
	GlobalSection(ExtensibilityGlobals) = postSolution
		SolutionGuid = {F39BBE66-065E-406B-B2DC-9BF4847B517B}
	EndGlobalSection
EndGlobal
