
Microsoft Visual Studio Solution File, Format Version 12.00
# Visual Studio Version 16
VisualStudioVersion = 16.0.30204.135
MinimumVisualStudioVersion = 10.0.40219.1
Project("{FAE04EC0-301F-11D3-BF4B-00C04F79EFBC}") = "BT01", "BTCN_186000187\BT01.csproj", "{B2953347-26BD-4C25-9476-0BC3A42529F6}"
EndProject
Project("{FAE04EC0-301F-11D3-BF4B-00C04F79EFBC}") = "BT01Tests", "BT01Tests\BT01Tests.csproj", "{6B5E390B-B0ED-4835-9E47-606F6A232218}"
EndProject
Project("{FAE04EC0-301F-11D3-BF4B-00C04F79EFBC}") = "BT02", "BT02\BT02.csproj", "{FA0901DE-25E0-450D-B7A9-21F92FB40DFC}"
EndProject
Project("{FAE04EC0-301F-11D3-BF4B-00C04F79EFBC}") = "BT02Tests", "BT02Tests\BT02Tests.csproj", "{16AD3758-4C0C-43F0-AB14-D9935D0249E5}"
EndProject
Project("{FAE04EC0-301F-11D3-BF4B-00C04F79EFBC}") = "BT03", "BT03\BT03.csproj", "{7BA112D6-13C7-4B82-8C34-6A7039D59A56}"
EndProject
Project("{FAE04EC0-301F-11D3-BF4B-00C04F79EFBC}") = "BT03Tests", "BT03Tests\BT03Tests.csproj", "{F9F30B04-9AF6-479F-895C-43D78CDB6186}"
EndProject
Project("{FAE04EC0-301F-11D3-BF4B-00C04F79EFBC}") = "BT04", "BT04\BT04.csproj", "{C94221E5-5F41-43B7-B202-9DB5C71C6E1C}"
EndProject
Project("{FAE04EC0-301F-11D3-BF4B-00C04F79EFBC}") = "BT04Tests", "BT04Tests\BT04Tests.csproj", "{A7CDBDDA-9E5D-4FB6-8298-8E03C1777212}"
EndProject
Project("{FAE04EC0-301F-11D3-BF4B-00C04F79EFBC}") = "BT05", "BT05\BT05.csproj", "{63EC0554-38D2-4426-B606-A1EEC90F0355}"
EndProject
Project("{FAE04EC0-301F-11D3-BF4B-00C04F79EFBC}") = "BT05Tests", "BT05Tests\BT05Tests.csproj", "{BAC0BDCF-ED0A-44A5-9933-75B91DDE6D8D}"
EndProject
Global
	GlobalSection(SolutionConfigurationPlatforms) = preSolution
		Debug|Any CPU = Debug|Any CPU
		Release|Any CPU = Release|Any CPU
	EndGlobalSection
	GlobalSection(ProjectConfigurationPlatforms) = postSolution
		{B2953347-26BD-4C25-9476-0BC3A42529F6}.Debug|Any CPU.ActiveCfg = Debug|Any CPU
		{B2953347-26BD-4C25-9476-0BC3A42529F6}.Debug|Any CPU.Build.0 = Debug|Any CPU
		{B2953347-26BD-4C25-9476-0BC3A42529F6}.Release|Any CPU.ActiveCfg = Release|Any CPU
		{B2953347-26BD-4C25-9476-0BC3A42529F6}.Release|Any CPU.Build.0 = Release|Any CPU
		{6B5E390B-B0ED-4835-9E47-606F6A232218}.Debug|Any CPU.ActiveCfg = Debug|Any CPU
		{6B5E390B-B0ED-4835-9E47-606F6A232218}.Debug|Any CPU.Build.0 = Debug|Any CPU
		{6B5E390B-B0ED-4835-9E47-606F6A232218}.Release|Any CPU.ActiveCfg = Release|Any CPU
		{6B5E390B-B0ED-4835-9E47-606F6A232218}.Release|Any CPU.Build.0 = Release|Any CPU
		{FA0901DE-25E0-450D-B7A9-21F92FB40DFC}.Debug|Any CPU.ActiveCfg = Debug|Any CPU
		{FA0901DE-25E0-450D-B7A9-21F92FB40DFC}.Debug|Any CPU.Build.0 = Debug|Any CPU
		{FA0901DE-25E0-450D-B7A9-21F92FB40DFC}.Release|Any CPU.ActiveCfg = Release|Any CPU
		{FA0901DE-25E0-450D-B7A9-21F92FB40DFC}.Release|Any CPU.Build.0 = Release|Any CPU
		{16AD3758-4C0C-43F0-AB14-D9935D0249E5}.Debug|Any CPU.ActiveCfg = Debug|Any CPU
		{16AD3758-4C0C-43F0-AB14-D9935D0249E5}.Debug|Any CPU.Build.0 = Debug|Any CPU
		{16AD3758-4C0C-43F0-AB14-D9935D0249E5}.Release|Any CPU.ActiveCfg = Release|Any CPU
		{16AD3758-4C0C-43F0-AB14-D9935D0249E5}.Release|Any CPU.Build.0 = Release|Any CPU
		{7BA112D6-13C7-4B82-8C34-6A7039D59A56}.Debug|Any CPU.ActiveCfg = Debug|Any CPU
		{7BA112D6-13C7-4B82-8C34-6A7039D59A56}.Debug|Any CPU.Build.0 = Debug|Any CPU
		{7BA112D6-13C7-4B82-8C34-6A7039D59A56}.Release|Any CPU.ActiveCfg = Release|Any CPU
		{7BA112D6-13C7-4B82-8C34-6A7039D59A56}.Release|Any CPU.Build.0 = Release|Any CPU
		{F9F30B04-9AF6-479F-895C-43D78CDB6186}.Debug|Any CPU.ActiveCfg = Debug|Any CPU
		{F9F30B04-9AF6-479F-895C-43D78CDB6186}.Debug|Any CPU.Build.0 = Debug|Any CPU
		{F9F30B04-9AF6-479F-895C-43D78CDB6186}.Release|Any CPU.ActiveCfg = Release|Any CPU
		{F9F30B04-9AF6-479F-895C-43D78CDB6186}.Release|Any CPU.Build.0 = Release|Any CPU
		{C94221E5-5F41-43B7-B202-9DB5C71C6E1C}.Debug|Any CPU.ActiveCfg = Debug|Any CPU
		{C94221E5-5F41-43B7-B202-9DB5C71C6E1C}.Debug|Any CPU.Build.0 = Debug|Any CPU
		{C94221E5-5F41-43B7-B202-9DB5C71C6E1C}.Release|Any CPU.ActiveCfg = Release|Any CPU
		{C94221E5-5F41-43B7-B202-9DB5C71C6E1C}.Release|Any CPU.Build.0 = Release|Any CPU
		{A7CDBDDA-9E5D-4FB6-8298-8E03C1777212}.Debug|Any CPU.ActiveCfg = Debug|Any CPU
		{A7CDBDDA-9E5D-4FB6-8298-8E03C1777212}.Debug|Any CPU.Build.0 = Debug|Any CPU
		{A7CDBDDA-9E5D-4FB6-8298-8E03C1777212}.Release|Any CPU.ActiveCfg = Release|Any CPU
		{A7CDBDDA-9E5D-4FB6-8298-8E03C1777212}.Release|Any CPU.Build.0 = Release|Any CPU
		{63EC0554-38D2-4426-B606-A1EEC90F0355}.Debug|Any CPU.ActiveCfg = Debug|Any CPU
		{63EC0554-38D2-4426-B606-A1EEC90F0355}.Debug|Any CPU.Build.0 = Debug|Any CPU
		{63EC0554-38D2-4426-B606-A1EEC90F0355}.Release|Any CPU.ActiveCfg = Release|Any CPU
		{63EC0554-38D2-4426-B606-A1EEC90F0355}.Release|Any CPU.Build.0 = Release|Any CPU
		{BAC0BDCF-ED0A-44A5-9933-75B91DDE6D8D}.Debug|Any CPU.ActiveCfg = Debug|Any CPU
		{BAC0BDCF-ED0A-44A5-9933-75B91DDE6D8D}.Debug|Any CPU.Build.0 = Debug|Any CPU
		{BAC0BDCF-ED0A-44A5-9933-75B91DDE6D8D}.Release|Any CPU.ActiveCfg = Release|Any CPU
		{BAC0BDCF-ED0A-44A5-9933-75B91DDE6D8D}.Release|Any CPU.Build.0 = Release|Any CPU
	EndGlobalSection
	GlobalSection(SolutionProperties) = preSolution
		HideSolutionNode = FALSE
	EndGlobalSection
	GlobalSection(ExtensibilityGlobals) = postSolution
		SolutionGuid = {0DED04BD-B4E7-4F90-805D-AC95F84A809D}
	EndGlobalSection
EndGlobal
